
Microsoft Visual Studio Solution File, Format Version 12.00
# Visual Studio Version 17
VisualStudioVersion = 17.12.35728.132
MinimumVisualStudioVersion = 10.0.40219.1
Project("{FAE04EC0-301F-11D3-BF4B-00C04F79EFBC}") = "Api", "Api\Api.csproj", "{C206D866-AC7B-49B2-9CE5-E226DE20A69E}"
EndProject
Global
	GlobalSection(SolutionConfigurationPlatforms) = preSolution
		Debug|Any CPU = Debug|Any CPU
		Release|Any CPU = Release|Any CPU
	EndGlobalSection
	GlobalSection(ProjectConfigurationPlatforms) = postSolution
		{C206D866-AC7B-49B2-9CE5-E226DE20A69E}.Debug|Any CPU.ActiveCfg = Debug|Any CPU
		{C206D866-AC7B-49B2-9CE5-E226DE20A69E}.Debug|Any CPU.Build.0 = Debug|Any CPU
		{C206D866-AC7B-49B2-9CE5-E226DE20A69E}.Release|Any CPU.ActiveCfg = Release|Any CPU
		{C206D866-AC7B-49B2-9CE5-E226DE20A69E}.Release|Any CPU.Build.0 = Release|Any CPU
	EndGlobalSection
	GlobalSection(SolutionProperties) = preSolution
		HideSolutionNode = FALSE
	EndGlobalSection
EndGlobal
